github.com/ndsky1003/logger v1.0.4 h1:oQgEmvM0FhzEMJsE5DQRZE/sArHNa7nRY8msiCCxx3s=
github.com/ndsky1003/logger v1.0.4/go.mod h1:Ulhe9kruOKhqVqIP5KhlSu3YG2WlElQhluCuTAW2r2I=
github.com/robfig/cron/v3 v3.0.1 h1:WdRxkvbJztn8LMz/QEvLN5sBU+xKpSqwwUO1Pjr4qDs=
github.com/robfig/cron/v3 v3.0.1/go.mod h1:eQICP3HwyT7UooqI/z+Ov+PtYAWygg1TEWWzGIFLtro=
